{
  "name": "rocktor-text-to-speech",
  "version": "0.0.1",
  "lockfileVersion": 3,
  "requires": true,
  "packages": {
    "": {
      "name": "rocktor-text-to-speech",
      "version": "0.0.1",
      "dependencies": {
        "@fortawesome/angular-fontawesome": "^0.14.1",
        "@fortawesome/free-solid-svg-icons": "^6.5.2",
        "tslib": "^2.3.0"
      },
      "peerDependencies": {
        "@angular/common": "^17.3.0",
        "@angular/core": "^17.3.0"
      }
    },
    "node_modules/@angular/common": {
      "version": "17.3.11",
      "resolved": "https://registry.npmjs.org/@angular/common/-/common-17.3.11.tgz",
      "integrity": "sha512-WG+HQjUaQziYLGdbcv2aW+G73uroN5VF9yk4qWYcolW+VB8SV/DOAol8uFVgCF21cIOl5+wfJZvA4r5oG3dYaw==",
      "peer": true,
      "dependencies": {
        "tslib": "^2.3.0"
      },
      "engines": {
        "node": "^18.13.0 || >=20.9.0"
      },
      "peerDependencies": {
        "@angular/core": "17.3.11",
        "rxjs": "^6.5.3 || ^7.4.0"
      }
    },
    "node_modules/@angular/core": {
      "version": "17.3.11",
      "resolved": "https://registry.npmjs.org/@angular/core/-/core-17.3.11.tgz",
      "integrity": "sha512-2wPZwXFei3kVxK2ylIH6CdGebrC4kvooFx7qoX+250OITAEFMODJGdh/e3x0DpFUjlRvQtIFQ+YpQlfC5JnL4g==",
      "peer": true,
      "dependencies": {
        "tslib": "^2.3.0"
      },
      "engines": {
        "node": "^18.13.0 || >=20.9.0"
      },
      "peerDependencies": {
        "rxjs": "^6.5.3 || ^7.4.0",
        "zone.js": "~0.14.0"
      }
    },
    "node_modules/@fortawesome/angular-fontawesome": {
      "version": "0.14.1",
      "resolved": "https://registry.npmjs.org/@fortawesome/angular-fontawesome/-/angular-fontawesome-0.14.1.tgz",
      "integrity": "sha512-Yb5HLiEOAxjSLEcaOM51CKIrzdfvoDafXVJERm9vufxfZkVZPZJgrZRgqwLVpejgq4/Ez6TqHZ6SqmJwdtRF6g==",
      "dependencies": {
        "tslib": "^2.6.2"
      },
      "peerDependencies": {
        "@angular/core": "^17.0.0",
        "@fortawesome/fontawesome-svg-core": "~1.2.27 || ~1.3.0-beta2 || ^6.1.0"
      }
    },
    "node_modules/@fortawesome/fontawesome-common-types": {
      "version": "6.5.2",
      "resolved": "https://registry.npmjs.org/@fortawesome/fontawesome-common-types/-/fontawesome-common-types-6.5.2.tgz",
      "integrity": "sha512-gBxPg3aVO6J0kpfHNILc+NMhXnqHumFxOmjYCFfOiLZfwhnnfhtsdA2hfJlDnj+8PjAs6kKQPenOTKj3Rf7zHw==",
      "hasInstallScript": true,
      "engines": {
        "node": ">=6"
      }
    },
    "node_modules/@fortawesome/fontawesome-svg-core": {
      "version": "6.5.2",
      "resolved": "https://registry.npmjs.org/@fortawesome/fontawesome-svg-core/-/fontawesome-svg-core-6.5.2.tgz",
      "integrity": "sha512-5CdaCBGl8Rh9ohNdxeeTMxIj8oc3KNBgIeLMvJosBMdslK/UnEB8rzyDRrbKdL1kDweqBPo4GT9wvnakHWucZw==",
      "hasInstallScript": true,
      "peer": true,
      "dependencies": {
        "@fortawesome/fontawesome-common-types": "6.5.2"
      },
      "engines": {
        "node": ">=6"
      }
    },
    "node_modules/@fortawesome/free-solid-svg-icons": {
      "version": "6.5.2",
      "resolved": "https://registry.npmjs.org/@fortawesome/free-solid-svg-icons/-/free-solid-svg-icons-6.5.2.tgz",
      "integrity": "sha512-QWFZYXFE7O1Gr1dTIp+D6UcFUF0qElOnZptpi7PBUMylJh+vFmIedVe1Ir6RM1t2tEQLLSV1k7bR4o92M+uqlw==",
      "hasInstallScript": true,
      "dependencies": {
        "@fortawesome/fontawesome-common-types": "6.5.2"
      },
      "engines": {
        "node": ">=6"
      }
    },
    "node_modules/@popperjs/core": {
      "version": "2.11.8",
      "resolved": "https://registry.npmjs.org/@popperjs/core/-/core-2.11.8.tgz",
      "integrity": "sha512-P1st0aksCrn9sGZhp8GMYwBnQsbvAWsZAX44oXNNvLHGqAOcoVxmjZiohstwQ7SqKnbR47akdNi+uleWD8+g6A==",
      "peer": true,
      "funding": {
        "type": "opencollective",
        "url": "https://opencollective.com/popperjs"
      }
    },
    "node_modules/rxjs": {
      "version": "7.8.1",
      "resolved": "https://registry.npmjs.org/rxjs/-/rxjs-7.8.1.tgz",
      "integrity": "sha512-AA3TVj+0A2iuIoQkWEK/tqFjBq2j+6PO6Y0zJcvzLAFhEFIO3HL0vls9hWLncZbAAbK0mar7oZ4V079I/qPMxg==",
      "peer": true,
      "dependencies": {
        "tslib": "^2.1.0"
      }
    },
    "node_modules/tslib": {
      "version": "2.6.3",
      "resolved": "https://registry.npmjs.org/tslib/-/tslib-2.6.3.tgz",
      "integrity": "sha512-xNvxJEOUiWPGhUuUdQgAJPKOOJfGnIyKySOc09XkKsgdUV/3E2zvwZYdejjmRgPCgcym1juLH3226yA7sEFJKQ=="
    },
    "node_modules/zone.js": {
      "version": "0.14.7",
      "resolved": "https://registry.npmjs.org/zone.js/-/zone.js-0.14.7.tgz",
      "integrity": "sha512-0w6DGkX2BPuiK/NLf+4A8FLE43QwBfuqz2dVgi/40Rj1WmqUskCqj329O/pwrqFJLG5X8wkeG2RhIAro441xtg==",
      "peer": true
    }
  }
}
